
Microsoft Visual Studio Solution File, Format Version 12.00
# Visual Studio Version 16
VisualStudioVersion = 16.0.30204.135
MinimumVisualStudioVersion = 10.0.40219.1
Project("{FAE04EC0-301F-11D3-BF4B-00C04F79EFBC}") = "CalculadoraSimple", "CalculadoraSimple\CalculadoraSimple.csproj", "{85D593DF-F924-421E-9EAD-95FF5CA79E5E}"
EndProject
Global
	GlobalSection(SolutionConfigurationPlatforms) = preSolution
		Debug|Any CPU = Debug|Any CPU
		Release|Any CPU = Release|Any CPU
	EndGlobalSection
	GlobalSection(ProjectConfigurationPlatforms) = postSolution
		{85D593DF-F924-421E-9EAD-95FF5CA79E5E}.Debug|Any CPU.ActiveCfg = Debug|Any CPU
		{85D593DF-F924-421E-9EAD-95FF5CA79E5E}.Debug|Any CPU.Build.0 = Debug|Any CPU
		{85D593DF-F924-421E-9EAD-95FF5CA79E5E}.Release|Any CPU.ActiveCfg = Release|Any CPU
		{85D593DF-F924-421E-9EAD-95FF5CA79E5E}.Release|Any CPU.Build.0 = Release|Any CPU
	EndGlobalSection
	GlobalSection(SolutionProperties) = preSolution
		HideSolutionNode = FALSE
	EndGlobalSection
	GlobalSection(ExtensibilityGlobals) = postSolution
		SolutionGuid = {BCDF91CD-5BE8-4665-A81F-385E04523CEA}
	EndGlobalSection
EndGlobal
